
Microsoft Visual Studio Solution File, Format Version 12.00
# Visual Studio 2013
VisualStudioVersion = 12.0.40629.0
MinimumVisualStudioVersion = 10.0.40219.1
Project("{FAE04EC0-301F-11D3-BF4B-00C04F79EFBC}") = "Tracker.Models", "Tracker.Models\Tracker.Models.csproj", "{CD525983-2EAE-4544-9EFA-281F1C7F5E38}"
EndProject
Project("{FAE04EC0-301F-11D3-BF4B-00C04F79EFBC}") = "Tracker.DeviceGprs", "Tracker.DeviceGprs\Tracker.DeviceGprs.csproj", "{2F49B786-0E13-4020-8642-C3B522EA9EAC}"
EndProject
Global
	GlobalSection(SolutionConfigurationPlatforms) = preSolution
		Debug|Any CPU = Debug|Any CPU
		Release|Any CPU = Release|Any CPU
	EndGlobalSection
	GlobalSection(ProjectConfigurationPlatforms) = postSolution
		{CD525983-2EAE-4544-9EFA-281F1C7F5E38}.Debug|Any CPU.ActiveCfg = Debug|Any CPU
		{CD525983-2EAE-4544-9EFA-281F1C7F5E38}.Debug|Any CPU.Build.0 = Debug|Any CPU
		{CD525983-2EAE-4544-9EFA-281F1C7F5E38}.Release|Any CPU.ActiveCfg = Release|Any CPU
		{CD525983-2EAE-4544-9EFA-281F1C7F5E38}.Release|Any CPU.Build.0 = Release|Any CPU
		{2F49B786-0E13-4020-8642-C3B522EA9EAC}.Debug|Any CPU.ActiveCfg = Debug|Any CPU
		{2F49B786-0E13-4020-8642-C3B522EA9EAC}.Debug|Any CPU.Build.0 = Debug|Any CPU
		{2F49B786-0E13-4020-8642-C3B522EA9EAC}.Debug|Any CPU.Deploy.0 = Debug|Any CPU
		{2F49B786-0E13-4020-8642-C3B522EA9EAC}.Release|Any CPU.ActiveCfg = Release|Any CPU
		{2F49B786-0E13-4020-8642-C3B522EA9EAC}.Release|Any CPU.Build.0 = Release|Any CPU
		{2F49B786-0E13-4020-8642-C3B522EA9EAC}.Release|Any CPU.Deploy.0 = Release|Any CPU
	EndGlobalSection
	GlobalSection(SolutionProperties) = preSolution
		HideSolutionNode = FALSE
	EndGlobalSection
EndGlobal
